
Microsoft Visual Studio Solution File, Format Version 12.00
# Visual Studio 15
VisualStudioVersion = 15.0.28307.902
MinimumVisualStudioVersion = 10.0.40219.1
Project("{FAE04EC0-301F-11D3-BF4B-00C04F79EFBC}") = "GiveItBack", "GiveItBack\GiveItBack.csproj", "{D134D9A2-F627-4429-BAE2-739BE68C2A14}"
EndProject
Global
	GlobalSection(SolutionConfigurationPlatforms) = preSolution
		Debug|Any CPU = Debug|Any CPU
		Release|Any CPU = Release|Any CPU
	EndGlobalSection
	GlobalSection(ProjectConfigurationPlatforms) = postSolution
		{D134D9A2-F627-4429-BAE2-739BE68C2A14}.Debug|Any CPU.ActiveCfg = Debug|Any CPU
		{D134D9A2-F627-4429-BAE2-739BE68C2A14}.Debug|Any CPU.Build.0 = Debug|Any CPU
		{D134D9A2-F627-4429-BAE2-739BE68C2A14}.Release|Any CPU.ActiveCfg = Release|Any CPU
		{D134D9A2-F627-4429-BAE2-739BE68C2A14}.Release|Any CPU.Build.0 = Release|Any CPU
	EndGlobalSection
	GlobalSection(SolutionProperties) = preSolution
		HideSolutionNode = FALSE
	EndGlobalSection
	GlobalSection(ExtensibilityGlobals) = postSolution
		SolutionGuid = {E19703B3-5644-46E7-9C07-71331FF660EA}
	EndGlobalSection
EndGlobal
